{
  "requires": true,
  "lockfileVersion": 1,
  "dependencies": {
    "poligonosapp__tests__": {
      "version": "1.0.0",
      "resolved": "https://registry.npmjs.org/poligonosapp__tests__/-/poligonosapp__tests__-1.0.0.tgz",
      "integrity": "sha512-iRukJOAh3Hnwkv/QwPUWCLUXjdDOP7EF72AvlnPsycrtyXiOKjm7PDxXAFi8y11z0wJPV6eglqtEhdCR1XkKXQ==",
      "dev": true
    }
  }
}
