{
  "name": "my-app",
  "version": "1.0.0",
  "lockfileVersion": 1,
  "requires": true,
  "dependencies": {
    "my-controls": {
      "version": "1.0.0",
      "dependencies": {
        "my-toolchain": {
          "requires": {
            "colors": "^1.3.2"
          },
          "dependencies": {
            "@types/node": {},
            "colors": {
              "version": "1.4.0"
            },
            "rimraf": {},
            "typescript": {}
          }
        },
        "typescript": {}
      }
    },
    "my-toolchain": {
      "version": "1.0.0",
      "dev": true,
      "requires": {
        "colors": "^1.3.2"
      },
      "dependencies": {
        "@types/node": {},
        "colors": {
          "version": "1.4.0"
        },
        "rimraf": {},
        "typescript": {}
      }
    },
    "poligonosapp__tests__": {
      "version": "1.0.0",
      "resolved": "https://registry.npmjs.org/poligonosapp__tests__/-/poligonosapp__tests__-1.0.0.tgz",
      "integrity": "sha512-iRukJOAh3Hnwkv/QwPUWCLUXjdDOP7EF72AvlnPsycrtyXiOKjm7PDxXAFi8y11z0wJPV6eglqtEhdCR1XkKXQ==",
      "dev": true
    },
    "typescript": {
      "version": "3.9.10",
      "dev": true
    },
    "whatwg-fetch": {
      "version": "3.6.2"
    }
  }
}
